
Microsoft Visual Studio Solution File, Format Version 12.00
# Visual Studio Version 17
VisualStudioVersion = 17.11.35208.52
MinimumVisualStudioVersion = 10.0.40219.1
Project("{FAE04EC0-301F-11D3-BF4B-00C04F79EFBC}") = "ARED.Core", "ARED.Core\ARED.Core.csproj", "{943E41C4-3A3A-4FC4-ACD8-8298784DF99D}"
EndProject
Project("{FAE04EC0-301F-11D3-BF4B-00C04F79EFBC}") = "ARED.BLL", "ARED.BLL\ARED.BLL.csproj", "{8FD655CF-72AC-4C4C-B0D3-A2A5D339C2D6}"
EndProject
Project("{FAE04EC0-301F-11D3-BF4B-00C04F79EFBC}") = "ARED.Entities", "ARED.Entities\ARED.Entities.csproj", "{38EE3892-0844-4F19-8A46-966E54852AF9}"
EndProject
Project("{FAE04EC0-301F-11D3-BF4B-00C04F79EFBC}") = "ARED.UI", "ARED.UI\ARED.UI.csproj", "{5329B3BC-7C99-48E6-A5CD-FDA8DD6892FB}"
EndProject
Project("{FAE04EC0-301F-11D3-BF4B-00C04F79EFBC}") = "ARED.Shared", "ARED.Shared\ARED.Shared.csproj", "{1662DF21-8287-4FB6-AC3E-F9DAC7A37B7C}"
EndProject
Global
	GlobalSection(SolutionConfigurationPlatforms) = preSolution
		Debug|Any CPU = Debug|Any CPU
		Release|Any CPU = Release|Any CPU
	EndGlobalSection
	GlobalSection(ProjectConfigurationPlatforms) = postSolution
		{943E41C4-3A3A-4FC4-ACD8-8298784DF99D}.Debug|Any CPU.ActiveCfg = Debug|Any CPU
		{943E41C4-3A3A-4FC4-ACD8-8298784DF99D}.Debug|Any CPU.Build.0 = Debug|Any CPU
		{943E41C4-3A3A-4FC4-ACD8-8298784DF99D}.Release|Any CPU.ActiveCfg = Release|Any CPU
		{943E41C4-3A3A-4FC4-ACD8-8298784DF99D}.Release|Any CPU.Build.0 = Release|Any CPU
		{8FD655CF-72AC-4C4C-B0D3-A2A5D339C2D6}.Debug|Any CPU.ActiveCfg = Debug|Any CPU
		{8FD655CF-72AC-4C4C-B0D3-A2A5D339C2D6}.Debug|Any CPU.Build.0 = Debug|Any CPU
		{8FD655CF-72AC-4C4C-B0D3-A2A5D339C2D6}.Release|Any CPU.ActiveCfg = Release|Any CPU
		{8FD655CF-72AC-4C4C-B0D3-A2A5D339C2D6}.Release|Any CPU.Build.0 = Release|Any CPU
		{38EE3892-0844-4F19-8A46-966E54852AF9}.Debug|Any CPU.ActiveCfg = Debug|Any CPU
		{38EE3892-0844-4F19-8A46-966E54852AF9}.Debug|Any CPU.Build.0 = Debug|Any CPU
		{38EE3892-0844-4F19-8A46-966E54852AF9}.Release|Any CPU.ActiveCfg = Release|Any CPU
		{38EE3892-0844-4F19-8A46-966E54852AF9}.Release|Any CPU.Build.0 = Release|Any CPU
		{5329B3BC-7C99-48E6-A5CD-FDA8DD6892FB}.Debug|Any CPU.ActiveCfg = Debug|Any CPU
		{5329B3BC-7C99-48E6-A5CD-FDA8DD6892FB}.Debug|Any CPU.Build.0 = Debug|Any CPU
		{5329B3BC-7C99-48E6-A5CD-FDA8DD6892FB}.Release|Any CPU.ActiveCfg = Release|Any CPU
		{5329B3BC-7C99-48E6-A5CD-FDA8DD6892FB}.Release|Any CPU.Build.0 = Release|Any CPU
		{1662DF21-8287-4FB6-AC3E-F9DAC7A37B7C}.Debug|Any CPU.ActiveCfg = Debug|Any CPU
		{1662DF21-8287-4FB6-AC3E-F9DAC7A37B7C}.Debug|Any CPU.Build.0 = Debug|Any CPU
		{1662DF21-8287-4FB6-AC3E-F9DAC7A37B7C}.Release|Any CPU.ActiveCfg = Release|Any CPU
		{1662DF21-8287-4FB6-AC3E-F9DAC7A37B7C}.Release|Any CPU.Build.0 = Release|Any CPU
	EndGlobalSection
	GlobalSection(SolutionProperties) = preSolution
		HideSolutionNode = FALSE
	EndGlobalSection
	GlobalSection(ExtensibilityGlobals) = postSolution
		SolutionGuid = {106A6C94-D495-49AF-9081-9F88ACB8C49D}
	EndGlobalSection
EndGlobal
